
Microsoft Visual Studio Solution File, Format Version 12.00
# Visual Studio Version 17
VisualStudioVersion = 17.10.34916.146
MinimumVisualStudioVersion = 10.0.40219.1
Project("{9A19103F-16F7-4668-BE54-9A1E7A4F7556}") = "WAD_BACKEND_14883", "WAD_BACKEND_14883\WAD_BACKEND_14883.csproj", "{3701A8C3-8C74-4F5E-901A-3FAED7F0BDD7}"
EndProject
Project("{FAE04EC0-301F-11D3-BF4B-00C04F79EFBC}") = "NewspaperApp.DAL", "NewspaperApp.DAL\NewspaperApp.DAL.csproj", "{27E8BEB5-F3B2-4C2D-80CF-7CFE6B07FE26}"
EndProject
Global
	GlobalSection(SolutionConfigurationPlatforms) = preSolution
		Debug|Any CPU = Debug|Any CPU
		Release|Any CPU = Release|Any CPU
	EndGlobalSection
	GlobalSection(ProjectConfigurationPlatforms) = postSolution
		{3701A8C3-8C74-4F5E-901A-3FAED7F0BDD7}.Debug|Any CPU.ActiveCfg = Debug|Any CPU
		{3701A8C3-8C74-4F5E-901A-3FAED7F0BDD7}.Debug|Any CPU.Build.0 = Debug|Any CPU
		{3701A8C3-8C74-4F5E-901A-3FAED7F0BDD7}.Release|Any CPU.ActiveCfg = Release|Any CPU
		{3701A8C3-8C74-4F5E-901A-3FAED7F0BDD7}.Release|Any CPU.Build.0 = Release|Any CPU
		{27E8BEB5-F3B2-4C2D-80CF-7CFE6B07FE26}.Debug|Any CPU.ActiveCfg = Debug|Any CPU
		{27E8BEB5-F3B2-4C2D-80CF-7CFE6B07FE26}.Debug|Any CPU.Build.0 = Debug|Any CPU
		{27E8BEB5-F3B2-4C2D-80CF-7CFE6B07FE26}.Release|Any CPU.ActiveCfg = Release|Any CPU
		{27E8BEB5-F3B2-4C2D-80CF-7CFE6B07FE26}.Release|Any CPU.Build.0 = Release|Any CPU
	EndGlobalSection
	GlobalSection(SolutionProperties) = preSolution
		HideSolutionNode = FALSE
	EndGlobalSection
	GlobalSection(ExtensibilityGlobals) = postSolution
		SolutionGuid = {1049792E-2AA3-40A7-9102-CD536C02EE1D}
	EndGlobalSection
EndGlobal
